// !$*UTF8*$!
{
	archiveVersion = 1;
	classes = {
	};
	objectVersion = 56;
	objects = {

/* Begin PBXBuildFile section */
		17269CCC29DFA122006664BC /* AppDelegate.swift in Sources */ = {isa = PBXBuildFile; fileRef = 17269CCB29DFA122006664BC /* AppDelegate.swift */; };
		17269CCE29DFA122006664BC /* SceneDelegate.swift in Sources */ = {isa = PBXBuildFile; fileRef = 17269CCD29DFA122006664BC /* SceneDelegate.swift */; };
		17269CD029DFA122006664BC /* ViewController.swift in Sources */ = {isa = PBXBuildFile; fileRef = 17269CCF29DFA122006664BC /* ViewController.swift */; };
		17269CD329DFA122006664BC /* Main.storyboard in Resources */ = {isa = PBXBuildFile; fileRef = 17269CD129DFA122006664BC /* Main.storyboard */; };
		17269CD529DFA124006664BC /* Assets.xcassets in Resources */ = {isa = PBXBuildFile; fileRef = 17269CD429DFA124006664BC /* Assets.xcassets */; };
		17269CD829DFA124006664BC /* LaunchScreen.storyboard in Resources */ = {isa = PBXBuildFile; fileRef = 17269CD629DFA124006664BC /* LaunchScreen.storyboard */; };
		17269CE229DFD65C006664BC /* HomeViewController.swift in Sources */ = {isa = PBXBuildFile; fileRef = 17269CE129DFD65C006664BC /* HomeViewController.swift */; };
		17269CE429DFE699006664BC /* ddube.watchface in Resources */ = {isa = PBXBuildFile; fileRef = 17269CE329DFE699006664BC /* ddube.watchface */; };
		17269CE629DFF285006664BC /* ItemInfoViewController.swift in Sources */ = {isa = PBXBuildFile; fileRef = 17269CE529DFF285006664BC /* ItemInfoViewController.swift */; };
		DB6B0FCB06D2F082D9200448 /* Pods_ProjectFace.framework in Frameworks */ = {isa = PBXBuildFile; fileRef = 3843D61A24764A0069603FB6 /* Pods_ProjectFace.framework */; };
/* End PBXBuildFile section */

/* Begin PBXFileReference section */
		17269CC829DFA122006664BC /* ProjectFace.app */ = {isa = PBXFileReference; explicitFileType = wrapper.application; includeInIndex = 0; path = ProjectFace.app; sourceTree = BUILT_PRODUCTS_DIR; };
		17269CCB29DFA122006664BC /* AppDelegate.swift */ = {isa = PBXFileReference; lastKnownFileType = sourcecode.swift; path = AppDelegate.swift; sourceTree = "<group>"; };
		17269CCD29DFA122006664BC /* SceneDelegate.swift */ = {isa = PBXFileReference; lastKnownFileType = sourcecode.swift; path = SceneDelegate.swift; sourceTree = "<group>"; };
		17269CCF29DFA122006664BC /* ViewController.swift */ = {isa = PBXFileReference; lastKnownFileType = sourcecode.swift; path = ViewController.swift; sourceTree = "<group>"; };
		17269CD229DFA122006664BC /* Base */ = {isa = PBXFileReference; lastKnownFileType = file.storyboard; name = Base; path = Base.lproj/Main.storyboard; sourceTree = "<group>"; };
		17269CD429DFA124006664BC /* Assets.xcassets */ = {isa = PBXFileReference; lastKnownFileType = folder.assetcatalog; path = Assets.xcassets; sourceTree = "<group>"; };
		17269CD729DFA124006664BC /* Base */ = {isa = PBXFileReference; lastKnownFileType = file.storyboard; name = Base; path = Base.lproj/LaunchScreen.storyboard; sourceTree = "<group>"; };
		17269CD929DFA124006664BC /* Info.plist */ = {isa = PBXFileReference; lastKnownFileType = text.plist.xml; path = Info.plist; sourceTree = "<group>"; };
		17269CE129DFD65C006664BC /* HomeViewController.swift */ = {isa = PBXFileReference; lastKnownFileType = sourcecode.swift; path = HomeViewController.swift; sourceTree = "<group>"; };
		17269CE329DFE699006664BC /* ddube.watchface */ = {isa = PBXFileReference; lastKnownFileType = file; path = ddube.watchface; sourceTree = "<group>"; };
		17269CE529DFF285006664BC /* ItemInfoViewController.swift */ = {isa = PBXFileReference; lastKnownFileType = sourcecode.swift; path = ItemInfoViewController.swift; sourceTree = "<group>"; };
		17269CED29DFFB31006664BC /* watichExtension.swift */ = {isa = PBXFileReference; lastKnownFileType = sourcecode.swift; path = watichExtension.swift; sourceTree = "<group>"; };
		17269CEF29DFFB31006664BC /* watich.swift */ = {isa = PBXFileReference; lastKnownFileType = sourcecode.swift; path = watich.swift; sourceTree = "<group>"; };
		17269CF129DFFB31006664BC /* Info.plist */ = {isa = PBXFileReference; lastKnownFileType = text.plist.xml; path = Info.plist; sourceTree = "<group>"; };
		17269D0129E004E8006664BC /* emoticFaceApp.swift */ = {isa = PBXFileReference; lastKnownFileType = sourcecode.swift; path = emoticFaceApp.swift; sourceTree = "<group>"; };
		17269D0329E004E8006664BC /* ContentView.swift */ = {isa = PBXFileReference; lastKnownFileType = sourcecode.swift; path = ContentView.swift; sourceTree = "<group>"; };
		17269D0529E004EA006664BC /* Assets.xcassets */ = {isa = PBXFileReference; lastKnownFileType = folder.assetcatalog; path = Assets.xcassets; sourceTree = "<group>"; };
		17269D0829E004EA006664BC /* Preview Assets.xcassets */ = {isa = PBXFileReference; lastKnownFileType = folder.assetcatalog; path = "Preview Assets.xcassets"; sourceTree = "<group>"; };
		3843D61A24764A0069603FB6 /* Pods_ProjectFace.framework */ = {isa = PBXFileReference; explicitFileType = wrapper.framework; includeInIndex = 0; path = Pods_ProjectFace.framework; sourceTree = BUILT_PRODUCTS_DIR; };
		ABD08207D7C2A75894AEB949 /* Pods-ProjectFace.debug.xcconfig */ = {isa = PBXFileReference; includeInIndex = 1; lastKnownFileType = text.xcconfig; name = "Pods-ProjectFace.debug.xcconfig"; path = "Target Support Files/Pods-ProjectFace/Pods-ProjectFace.debug.xcconfig"; sourceTree = "<group>"; };
		F6A4D3C5941D095B22548B56 /* Pods-ProjectFace.release.xcconfig */ = {isa = PBXFileReference; includeInIndex = 1; lastKnownFileType = text.xcconfig; name = "Pods-ProjectFace.release.xcconfig"; path = "Target Support Files/Pods-ProjectFace/Pods-ProjectFace.release.xcconfig"; sourceTree = "<group>"; };
/* End PBXFileReference section */

/* Begin PBXFrameworksBuildPhase section */
		17269CC529DFA122006664BC /* Frameworks */ = {
			isa = PBXFrameworksBuildPhase;
			buildActionMask = 2147483647;
			files = (
				DB6B0FCB06D2F082D9200448 /* Pods_ProjectFace.framework in Frameworks */,
			);
			runOnlyForDeploymentPostprocessing = 0;
		};
/* End PBXFrameworksBuildPhase section */

/* Begin PBXGroup section */
		17269CBF29DFA122006664BC = {
			isa = PBXGroup;
			children = (
				17269CCA29DFA122006664BC /* ProjectFace */,
				17269CEC29DFFB31006664BC /* watich */,
				17269D0029E004E8006664BC /* emoticFace Watch App */,
				17269CC929DFA122006664BC /* Products */,
				5A641A79AD37CEAA806D81FC /* Pods */,
				26A4953AEE10AFC13BB36EB9 /* Frameworks */,
			);
			sourceTree = "<group>";
		};
		17269CC929DFA122006664BC /* Products */ = {
			isa = PBXGroup;
			children = (
				17269CC829DFA122006664BC /* ProjectFace.app */,
			);
			name = Products;
			sourceTree = "<group>";
		};
		17269CCA29DFA122006664BC /* ProjectFace */ = {
			isa = PBXGroup;
			children = (
				17269CE329DFE699006664BC /* ddube.watchface */,
				17269CCB29DFA122006664BC /* AppDelegate.swift */,
				17269CCD29DFA122006664BC /* SceneDelegate.swift */,
				17269CCF29DFA122006664BC /* ViewController.swift */,
				17269CE129DFD65C006664BC /* HomeViewController.swift */,
				17269CD129DFA122006664BC /* Main.storyboard */,
				17269CD429DFA124006664BC /* Assets.xcassets */,
				17269CD629DFA124006664BC /* LaunchScreen.storyboard */,
				17269CD929DFA124006664BC /* Info.plist */,
				17269CE529DFF285006664BC /* ItemInfoViewController.swift */,
			);
			path = ProjectFace;
			sourceTree = "<group>";
		};
		17269CEC29DFFB31006664BC /* watich */ = {
			isa = PBXGroup;
			children = (
				17269CED29DFFB31006664BC /* watichExtension.swift */,
				17269CEF29DFFB31006664BC /* watich.swift */,
				17269CF129DFFB31006664BC /* Info.plist */,
			);
			path = watich;
			sourceTree = "<group>";
		};
		17269D0029E004E8006664BC /* emoticFace Watch App */ = {
			isa = PBXGroup;
			children = (
				17269D0129E004E8006664BC /* emoticFaceApp.swift */,
				17269D0329E004E8006664BC /* ContentView.swift */,
				17269D0529E004EA006664BC /* Assets.xcassets */,
				17269D0729E004EA006664BC /* Preview Content */,
			);
			path = "emoticFace Watch App";
			sourceTree = "<group>";
		};
		17269D0729E004EA006664BC /* Preview Content */ = {
			isa = PBXGroup;
			children = (
				17269D0829E004EA006664BC /* Preview Assets.xcassets */,
			);
			path = "Preview Content";
			sourceTree = "<group>";
		};
		26A4953AEE10AFC13BB36EB9 /* Frameworks */ = {
			isa = PBXGroup;
			children = (
				3843D61A24764A0069603FB6 /* Pods_ProjectFace.framework */,
			);
			name = Frameworks;
			sourceTree = "<group>";
		};
		5A641A79AD37CEAA806D81FC /* Pods */ = {
			isa = PBXGroup;
			children = (
				ABD08207D7C2A75894AEB949 /* Pods-ProjectFace.debug.xcconfig */,
				F6A4D3C5941D095B22548B56 /* Pods-ProjectFace.release.xcconfig */,
			);
			path = Pods;
			sourceTree = "<group>";
		};
/* End PBXGroup section */

/* Begin PBXNativeTarget section */
		17269CC729DFA122006664BC /* ProjectFace */ = {
			isa = PBXNativeTarget;
			buildConfigurationList = 17269CDC29DFA124006664BC /* Build configuration list for PBXNativeTarget "ProjectFace" */;
			buildPhases = (
				94E8B83D4214FBC5DA59ED45 /* [CP] Check Pods Manifest.lock */,
				17269CC429DFA122006664BC /* Sources */,
				17269CC529DFA122006664BC /* Frameworks */,
				17269CC629DFA122006664BC /* Resources */,
			);
			buildRules = (
			);
			dependencies = (
			);
			name = ProjectFace;
			productName = ProjectFace;
			productReference = 17269CC829DFA122006664BC /* ProjectFace.app */;
			productType = "com.apple.product-type.application";
		};
/* End PBXNativeTarget section */

/* Begin PBXProject section */
		17269CC029DFA122006664BC /* Project object */ = {
			isa = PBXProject;
			attributes = {
				BuildIndependentTargetsInParallel = 1;
				LastSwiftUpdateCheck = 1420;
				LastUpgradeCheck = 1420;
				TargetAttributes = {
					17269CC729DFA122006664BC = {
						CreatedOnToolsVersion = 14.2;
					};
				};
			};
			buildConfigurationList = 17269CC329DFA122006664BC /* Build configuration list for PBXProject "ProjectFace" */;
			compatibilityVersion = "Xcode 14.0";
			developmentRegion = en;
			hasScannedForEncodings = 0;
			knownRegions = (
				en,
				Base,
			);
			mainGroup = 17269CBF29DFA122006664BC;
			productRefGroup = 17269CC929DFA122006664BC /* Products */;
			projectDirPath = "";
			projectRoot = "";
			targets = (
				17269CC729DFA122006664BC /* ProjectFace */,
			);
		};
/* End PBXProject section */

/* Begin PBXResourcesBuildPhase section */
		17269CC629DFA122006664BC /* Resources */ = {
			isa = PBXResourcesBuildPhase;
			buildActionMask = 2147483647;
			files = (
				17269CD829DFA124006664BC /* LaunchScreen.storyboard in Resources */,
				17269CD529DFA124006664BC /* Assets.xcassets in Resources */,
				17269CD329DFA122006664BC /* Main.storyboard in Resources */,
				17269CE429DFE699006664BC /* ddube.watchface in Resources */,
			);
			runOnlyForDeploymentPostprocessing = 0;
		};
/* End PBXResourcesBuildPhase section */

/* Begin PBXShellScriptBuildPhase section */
		94E8B83D4214FBC5DA59ED45 /* [CP] Check Pods Manifest.lock */ = {
			isa = PBXShellScriptBuildPhase;
			buildActionMask = 2147483647;
			files = (
			);
			inputFileListPaths = (
			);
			inputPaths = (
				"${PODS_PODFILE_DIR_PATH}/Podfile.lock",
				"${PODS_ROOT}/Manifest.lock",
			);
			name = "[CP] Check Pods Manifest.lock";
			outputFileListPaths = (
			);
			outputPaths = (
				"$(DERIVED_FILE_DIR)/Pods-ProjectFace-checkManifestLockResult.txt",
			);
			runOnlyForDeploymentPostprocessing = 0;
			shellPath = /bin/sh;
			shellScript = "diff \"${PODS_PODFILE_DIR_PATH}/Podfile.lock\" \"${PODS_ROOT}/Manifest.lock\" > /dev/null\nif [ $? != 0 ] ; then\n    # print error to STDERR\n    echo \"error: The sandbox is not in sync with the Podfile.lock. Run 'pod install' or update your CocoaPods installation.\" >&2\n    exit 1\nfi\n# This output is used by Xcode 'outputs' to avoid re-running this script phase.\necho \"SUCCESS\" > \"${SCRIPT_OUTPUT_FILE_0}\"\n";
			showEnvVarsInLog = 0;
		};
/* End PBXShellScriptBuildPhase section */

/* Begin PBXSourcesBuildPhase section */
		17269CC429DFA122006664BC /* Sources */ = {
			isa = PBXSourcesBuildPhase;
			buildActionMask = 2147483647;
			files = (
				17269CE229DFD65C006664BC /* HomeViewController.swift in Sources */,
				17269CD029DFA122006664BC /* ViewController.swift in Sources */,
				17269CCC29DFA122006664BC /* AppDelegate.swift in Sources */,
				17269CE629DFF285006664BC /* ItemInfoViewController.swift in Sources */,
				17269CCE29DFA122006664BC /* SceneDelegate.swift in Sources */,
			);
			runOnlyForDeploymentPostprocessing = 0;
		};
/* End PBXSourcesBuildPhase section */

/* Begin PBXVariantGroup section */
		17269CD129DFA122006664BC /* Main.storyboard */ = {
			isa = PBXVariantGroup;
			children = (
				17269CD229DFA122006664BC /* Base */,
			);
			name = Main.storyboard;
			sourceTree = "<group>";
		};
		17269CD629DFA124006664BC /* LaunchScreen.storyboard */ = {
			isa = PBXVariantGroup;
			children = (
				17269CD729DFA124006664BC /* Base */,
			);
			name = LaunchScreen.storyboard;
			sourceTree = "<group>";
		};
/* End PBXVariantGroup section */

/* Begin XCBuildConfiguration section */
		17269CDA29DFA124006664BC /* Debug */ = {
			isa = XCBuildConfiguration;
			buildSettings = {
				ALWAYS_SEARCH_USER_PATHS = NO;
				CLANG_ANALYZER_NONNULL = YES;
				CLANG_ANALYZER_NUMBER_OBJECT_CONVERSION = YES_AGGRESSIVE;
				CLANG_CXX_LANGUAGE_STANDARD = "gnu++20";
				CLANG_ENABLE_MODULES = YES;
				CLANG_ENABLE_OBJC_ARC = YES;
				CLANG_ENABLE_OBJC_WEAK = YES;
				CLANG_WARN_BLOCK_CAPTURE_AUTORELEASING = YES;
				CLANG_WARN_BOOL_CONVERSION = YES;
				CLANG_WARN_COMMA = YES;
				CLANG_WARN_CONSTANT_CONVERSION = YES;
				CLANG_WARN_DEPRECATED_OBJC_IMPLEMENTATIONS = YES;
				CLANG_WARN_DIRECT_OBJC_ISA_USAGE = YES_ERROR;
				CLANG_WARN_DOCUMENTATION_COMMENTS = YES;
				CLANG_WARN_EMPTY_BODY = YES;
				CLANG_WARN_ENUM_CONVERSION = YES;
				CLANG_WARN_INFINITE_RECURSION = YES;
				CLANG_WARN_INT_CONVERSION = YES;
				CLANG_WARN_NON_LITERAL_NULL_CONVERSION = YES;
				CLANG_WARN_OBJC_IMPLICIT_RETAIN_SELF = YES;
				CLANG_WARN_OBJC_LITERAL_CONVERSION = YES;
				CLANG_WARN_OBJC_ROOT_CLASS = YES_ERROR;
				CLANG_WARN_QUOTED_INCLUDE_IN_FRAMEWORK_HEADER = YES;
				CLANG_WARN_RANGE_LOOP_ANALYSIS = YES;
				CLANG_WARN_STRICT_PROTOTYPES = YES;
				CLANG_WARN_SUSPICIOUS_MOVE = YES;
				CLANG_WARN_UNGUARDED_AVAILABILITY = YES_AGGRESSIVE;
				CLANG_WARN_UNREACHABLE_CODE = YES;
				CLANG_WARN__DUPLICATE_METHOD_MATCH = YES;
				COPY_PHASE_STRIP = NO;
				DEBUG_INFORMATION_FORMAT = dwarf;
				ENABLE_STRICT_OBJC_MSGSEND = YES;
				ENABLE_TESTABILITY = YES;
				GCC_C_LANGUAGE_STANDARD = gnu11;
				GCC_DYNAMIC_NO_PIC = NO;
				GCC_NO_COMMON_BLOCKS = YES;
				GCC_OPTIMIZATION_LEVEL = 0;
				GCC_PREPROCESSOR_DEFINITIONS = (
					"DEBUG=1",
					"$(inherited)",
				);
				GCC_WARN_64_TO_32_BIT_CONVERSION = YES;
				GCC_WARN_ABOUT_RETURN_TYPE = YES_ERROR;
				GCC_WARN_UNDECLARED_SELECTOR = YES;
				GCC_WARN_UNINITIALIZED_AUTOS = YES_AGGRESSIVE;
				GCC_WARN_UNUSED_FUNCTION = YES;
				GCC_WARN_UNUSED_VARIABLE = YES;
				IPHONEOS_DEPLOYMENT_TARGET = 16.2;
				MTL_ENABLE_DEBUG_INFO = INCLUDE_SOURCE;
				MTL_FAST_MATH = YES;
				ONLY_ACTIVE_ARCH = YES;
				SDKROOT = iphoneos;
				SWIFT_ACTIVE_COMPILATION_CONDITIONS = DEBUG;
				SWIFT_OPTIMIZATION_LEVEL = "-Onone";
			};
			name = Debug;
		};
		17269CDB29DFA124006664BC /* Release */ = {
			isa = XCBuildConfiguration;
			buildSettings = {
				ALWAYS_SEARCH_USER_PATHS = NO;
				CLANG_ANALYZER_NONNULL = YES;
				CLANG_ANALYZER_NUMBER_OBJECT_CONVERSION = YES_AGGRESSIVE;
				CLANG_CXX_LANGUAGE_STANDARD = "gnu++20";
				CLANG_ENABLE_MODULES = YES;
				CLANG_ENABLE_OBJC_ARC = YES;
				CLANG_ENABLE_OBJC_WEAK = YES;
				CLANG_WARN_BLOCK_CAPTURE_AUTORELEASING = YES;
				CLANG_WARN_BOOL_CONVERSION = YES;
				CLANG_WARN_COMMA = YES;
				CLANG_WARN_CONSTANT_CONVERSION = YES;
				CLANG_WARN_DEPRECATED_OBJC_IMPLEMENTATIONS = YES;
				CLANG_WARN_DIRECT_OBJC_ISA_USAGE = YES_ERROR;
				CLANG_WARN_DOCUMENTATION_COMMENTS = YES;
				CLANG_WARN_EMPTY_BODY = YES;
				CLANG_WARN_ENUM_CONVERSION = YES;
				CLANG_WARN_INFINITE_RECURSION = YES;
				CLANG_WARN_INT_CONVERSION = YES;
				CLANG_WARN_NON_LITERAL_NULL_CONVERSION = YES;
				CLANG_WARN_OBJC_IMPLICIT_RETAIN_SELF = YES;
				CLANG_WARN_OBJC_LITERAL_CONVERSION = YES;
				CLANG_WARN_OBJC_ROOT_CLASS = YES_ERROR;
				CLANG_WARN_QUOTED_INCLUDE_IN_FRAMEWORK_HEADER = YES;
				CLANG_WARN_RANGE_LOOP_ANALYSIS = YES;
				CLANG_WARN_STRICT_PROTOTYPES = YES;
				CLANG_WARN_SUSPICIOUS_MOVE = YES;
				CLANG_WARN_UNGUARDED_AVAILABILITY = YES_AGGRESSIVE;
				CLANG_WARN_UNREACHABLE_CODE = YES;
				CLANG_WARN__DUPLICATE_METHOD_MATCH = YES;
				COPY_PHASE_STRIP = NO;
				DEBUG_INFORMATION_FORMAT = "dwarf-with-dsym";
				ENABLE_NS_ASSERTIONS = NO;
				ENABLE_STRICT_OBJC_MSGSEND = YES;
				GCC_C_LANGUAGE_STANDARD = gnu11;
				GCC_NO_COMMON_BLOCKS = YES;
				GCC_WARN_64_TO_32_BIT_CONVERSION = YES;
				GCC_WARN_ABOUT_RETURN_TYPE = YES_ERROR;
				GCC_WARN_UNDECLARED_SELECTOR = YES;
				GCC_WARN_UNINITIALIZED_AUTOS = YES_AGGRESSIVE;
				GCC_WARN_UNUSED_FUNCTION = YES;
				GCC_WARN_UNUSED_VARIABLE = YES;
				IPHONEOS_DEPLOYMENT_TARGET = 16.2;
				MTL_ENABLE_DEBUG_INFO = NO;
				MTL_FAST_MATH = YES;
				SDKROOT = iphoneos;
				SWIFT_COMPILATION_MODE = wholemodule;
				SWIFT_OPTIMIZATION_LEVEL = "-O";
				VALIDATE_PRODUCT = YES;
			};
			name = Release;
		};
		17269CDD29DFA124006664BC /* Debug */ = {
			isa = XCBuildConfiguration;
			baseConfigurationReference = ABD08207D7C2A75894AEB949 /* Pods-ProjectFace.debug.xcconfig */;
			buildSettings = {
				ASSETCATALOG_COMPILER_APPICON_NAME = AppIcon;
				ASSETCATALOG_COMPILER_GLOBAL_ACCENT_COLOR_NAME = AccentColor;
				CODE_SIGN_STYLE = Automatic;
				CURRENT_PROJECT_VERSION = 2304070001;
				DEVELOPMENT_TEAM = 3QTJ8C3UN8;
				GENERATE_INFOPLIST_FILE = YES;
				INFOPLIST_FILE = ProjectFace/Info.plist;
				INFOPLIST_KEY_CFBundleDisplayName = FaceStore;
				INFOPLIST_KEY_LSApplicationCategoryType = "public.app-category.lifestyle";
				INFOPLIST_KEY_UIApplicationSupportsIndirectInputEvents = YES;
				INFOPLIST_KEY_UILaunchStoryboardName = LaunchScreen.storyboard;
				INFOPLIST_KEY_UIMainStoryboardFile = Main;
				INFOPLIST_KEY_UISupportedInterfaceOrientations = UIInterfaceOrientationPortrait;
				IPHONEOS_DEPLOYMENT_TARGET = 14.7;
				LD_RUNPATH_SEARCH_PATHS = (
					"$(inherited)",
					"@executable_path/Frameworks",
				);
				MARKETING_VERSION = 0.0.1;
				PRODUCT_BUNDLE_IDENTIFIER = kr.dy.ProjectFace;
				PRODUCT_NAME = "$(TARGET_NAME)";
				SUPPORTED_PLATFORMS = "iphoneos iphonesimulator";
				SUPPORTS_MACCATALYST = NO;
				SUPPORTS_MAC_DESIGNED_FOR_IPHONE_IPAD = NO;
				SWIFT_EMIT_LOC_STRINGS = YES;
				SWIFT_VERSION = 5.0;
				TARGETED_DEVICE_FAMILY = "1,2";
			};
			name = Debug;
		};
		17269CDE29DFA124006664BC /* Release */ = {
			isa = XCBuildConfiguration;
			baseConfigurationReference = F6A4D3C5941D095B22548B56 /* Pods-ProjectFace.release.xcconfig */;
			buildSettings = {
				ASSETCATALOG_COMPILER_APPICON_NAME = AppIcon;
				ASSETCATALOG_COMPILER_GLOBAL_ACCENT_COLOR_NAME = AccentColor;
				CODE_SIGN_STYLE = Automatic;
				CURRENT_PROJECT_VERSION = 2304070001;
				DEVELOPMENT_TEAM = 3QTJ8C3UN8;
				GENERATE_INFOPLIST_FILE = YES;
				INFOPLIST_FILE = ProjectFace/Info.plist;
				INFOPLIST_KEY_CFBundleDisplayName = FaceStore;
				INFOPLIST_KEY_LSApplicationCategoryType = "public.app-category.lifestyle";
				INFOPLIST_KEY_UIApplicationSupportsIndirectInputEvents = YES;
				INFOPLIST_KEY_UILaunchStoryboardName = LaunchScreen.storyboard;
				INFOPLIST_KEY_UIMainStoryboardFile = Main;
				INFOPLIST_KEY_UISupportedInterfaceOrientations = UIInterfaceOrientationPortrait;
				IPHONEOS_DEPLOYMENT_TARGET = 14.7;
				LD_RUNPATH_SEARCH_PATHS = (
					"$(inherited)",
					"@executable_path/Frameworks",
				);
				MARKETING_VERSION = 0.0.1;
				PRODUCT_BUNDLE_IDENTIFIER = kr.dy.ProjectFace;
				PRODUCT_NAME = "$(TARGET_NAME)";
				SUPPORTED_PLATFORMS = "iphoneos iphonesimulator";
				SUPPORTS_MACCATALYST = NO;
				SUPPORTS_MAC_DESIGNED_FOR_IPHONE_IPAD = NO;
				SWIFT_EMIT_LOC_STRINGS = YES;
				SWIFT_VERSION = 5.0;
				TARGETED_DEVICE_FAMILY = "1,2";
			};
			name = Release;
		};
/* End XCBuildConfiguration section */

/* Begin XCConfigurationList section */
		17269CC329DFA122006664BC /* Build configuration list for PBXProject "ProjectFace" */ = {
			isa = XCConfigurationList;
			buildConfigurations = (
				17269CDA29DFA124006664BC /* Debug */,
				17269CDB29DFA124006664BC /* Release */,
			);
			defaultConfigurationIsVisible = 0;
			defaultConfigurationName = Release;
		};
		17269CDC29DFA124006664BC /* Build configuration list for PBXNativeTarget "ProjectFace" */ = {
			isa = XCConfigurationList;
			buildConfigurations = (
				17269CDD29DFA124006664BC /* Debug */,
				17269CDE29DFA124006664BC /* Release */,
			);
			defaultConfigurationIsVisible = 0;
			defaultConfigurationName = Release;
		};
/* End XCConfigurationList section */
	};
	rootObject = 17269CC029DFA122006664BC /* Project object */;
}
